
Microsoft Visual Studio Solution File, Format Version 12.00
# Visual Studio Version 17
VisualStudioVersion = 17.6.33829.357
MinimumVisualStudioVersion = 10.0.40219.1
Project("{FAE04EC0-301F-11D3-BF4B-00C04F79EFBC}") = "UI", "Project-Chapeau herkansers 3\UI.csproj", "{9B580678-0931-4530-8162-F436E58308C2}"
EndProject
Project("{FAE04EC0-301F-11D3-BF4B-00C04F79EFBC}") = "Service", "Service\Service.csproj", "{A61C130C-30E8-4E75-92C9-F00069ECEFA4}"
EndProject
Project("{FAE04EC0-301F-11D3-BF4B-00C04F79EFBC}") = "Model", "Model\Model.csproj", "{016057A9-9F06-4334-B51A-8E8DE9ACC1C6}"
EndProject
Project("{FAE04EC0-301F-11D3-BF4B-00C04F79EFBC}") = "DAL", "DAL\DAL.csproj", "{EBC4AD70-F55A-4AD5-A128-3A45F491A9B6}"
EndProject
Global
	GlobalSection(SolutionConfigurationPlatforms) = preSolution
		Debug|Any CPU = Debug|Any CPU
		Release|Any CPU = Release|Any CPU
	EndGlobalSection
	GlobalSection(ProjectConfigurationPlatforms) = postSolution
		{9B580678-0931-4530-8162-F436E58308C2}.Debug|Any CPU.ActiveCfg = Debug|Any CPU
		{9B580678-0931-4530-8162-F436E58308C2}.Debug|Any CPU.Build.0 = Debug|Any CPU
		{9B580678-0931-4530-8162-F436E58308C2}.Release|Any CPU.ActiveCfg = Release|Any CPU
		{9B580678-0931-4530-8162-F436E58308C2}.Release|Any CPU.Build.0 = Release|Any CPU
		{A61C130C-30E8-4E75-92C9-F00069ECEFA4}.Debug|Any CPU.ActiveCfg = Debug|Any CPU
		{A61C130C-30E8-4E75-92C9-F00069ECEFA4}.Debug|Any CPU.Build.0 = Debug|Any CPU
		{A61C130C-30E8-4E75-92C9-F00069ECEFA4}.Release|Any CPU.ActiveCfg = Release|Any CPU
		{A61C130C-30E8-4E75-92C9-F00069ECEFA4}.Release|Any CPU.Build.0 = Release|Any CPU
		{016057A9-9F06-4334-B51A-8E8DE9ACC1C6}.Debug|Any CPU.ActiveCfg = Debug|Any CPU
		{016057A9-9F06-4334-B51A-8E8DE9ACC1C6}.Debug|Any CPU.Build.0 = Debug|Any CPU
		{016057A9-9F06-4334-B51A-8E8DE9ACC1C6}.Release|Any CPU.ActiveCfg = Release|Any CPU
		{016057A9-9F06-4334-B51A-8E8DE9ACC1C6}.Release|Any CPU.Build.0 = Release|Any CPU
		{EBC4AD70-F55A-4AD5-A128-3A45F491A9B6}.Debug|Any CPU.ActiveCfg = Debug|Any CPU
		{EBC4AD70-F55A-4AD5-A128-3A45F491A9B6}.Debug|Any CPU.Build.0 = Debug|Any CPU
		{EBC4AD70-F55A-4AD5-A128-3A45F491A9B6}.Release|Any CPU.ActiveCfg = Release|Any CPU
		{EBC4AD70-F55A-4AD5-A128-3A45F491A9B6}.Release|Any CPU.Build.0 = Release|Any CPU
	EndGlobalSection
	GlobalSection(SolutionProperties) = preSolution
		HideSolutionNode = FALSE
	EndGlobalSection
	GlobalSection(ExtensibilityGlobals) = postSolution
		SolutionGuid = {85CDBE44-B278-4345-8D4D-95D337D5983A}
	EndGlobalSection
EndGlobal
